// !$*UTF8*$!
{
	archiveVersion = 1;
	classes = {
	};
	objectVersion = 50;
	objects = {

/* Begin PBXBuildFile section */
		5252054E2436D2B800F4F512 /* RecordingSignal003@2x.png in Resources */ = {isa = PBXBuildFile; fileRef = 52BF50882436BA64000AF8C8 /* RecordingSignal003@2x.png */; };
		5252054F2436D2B800F4F512 /* RecordingSignal001@2x.png in Resources */ = {isa = PBXBuildFile; fileRef = 52BF50892436BA64000AF8C8 /* RecordingSignal001@2x.png */; };
		525205502436D2B800F4F512 /* RecordingBkg@2x.png in Resources */ = {isa = PBXBuildFile; fileRef = 52BF508A2436BA64000AF8C8 /* RecordingBkg@2x.png */; };
		525205512436D2B800F4F512 /* RecordingSignal005@2x.png in Resources */ = {isa = PBXBuildFile; fileRef = 52BF508B2436BA64000AF8C8 /* RecordingSignal005@2x.png */; };
		525205522436D2B800F4F512 /* RecordingSignal007@2x.png in Resources */ = {isa = PBXBuildFile; fileRef = 52BF508C2436BA64000AF8C8 /* RecordingSignal007@2x.png */; };
		525205532436D2B800F4F512 /* RecordingSignal002@2x.png in Resources */ = {isa = PBXBuildFile; fileRef = 52BF508D2436BA64000AF8C8 /* RecordingSignal002@2x.png */; };
		525205542436D2B800F4F512 /* RecordingSignal008@2x.png in Resources */ = {isa = PBXBuildFile; fileRef = 52BF508E2436BA64000AF8C8 /* RecordingSignal008@2x.png */; };
		525205552436D2B800F4F512 /* RecordingSignal004@2x.png in Resources */ = {isa = PBXBuildFile; fileRef = 52BF508F2436BA64000AF8C8 /* RecordingSignal004@2x.png */; };
		525205562436D2B800F4F512 /* RecordingSignal006@2x.png in Resources */ = {isa = PBXBuildFile; fileRef = 52BF50902436BA64000AF8C8 /* RecordingSignal006@2x.png */; };
		5252056E2436E39A00F4F512 /* libmp3lame.a in Frameworks */ = {isa = PBXBuildFile; fileRef = 5252056D2436E39A00F4F512 /* libmp3lame.a */; };
		52BF50732436B6BD000AF8C8 /* BYAudioHud.h in Headers */ = {isa = PBXBuildFile; fileRef = 52BF50712436B6BD000AF8C8 /* BYAudioHud.h */; settings = {ATTRIBUTES = (Public, ); }; };
		52BF50922436BA64000AF8C8 /* lame.h in Headers */ = {isa = PBXBuildFile; fileRef = 52BF507B2436BA64000AF8C8 /* lame.h */; };
		52BF50932436BA64000AF8C8 /* BYAudioMeterObserver.h in Headers */ = {isa = PBXBuildFile; fileRef = 52BF507D2436BA64000AF8C8 /* BYAudioMeterObserver.h */; };
		52BF50942436BA64000AF8C8 /* BYAudioRecorder.h in Headers */ = {isa = PBXBuildFile; fileRef = 52BF507E2436BA64000AF8C8 /* BYAudioRecorder.h */; };
		52BF50952436BA64000AF8C8 /* BYMp3Writer.h in Headers */ = {isa = PBXBuildFile; fileRef = 52BF507F2436BA64000AF8C8 /* BYMp3Writer.h */; };
		52BF50962436BA64000AF8C8 /* BYAudioHudView.h in Headers */ = {isa = PBXBuildFile; fileRef = 52BF50802436BA64000AF8C8 /* BYAudioHudView.h */; settings = {ATTRIBUTES = (Public, ); }; };
		52BF50972436BA64000AF8C8 /* BYTimerLabel.m in Sources */ = {isa = PBXBuildFile; fileRef = 52BF50812436BA64000AF8C8 /* BYTimerLabel.m */; };
		52BF50982436BA64000AF8C8 /* BYAudioRecorder.m in Sources */ = {isa = PBXBuildFile; fileRef = 52BF50822436BA64000AF8C8 /* BYAudioRecorder.m */; };
		52BF50992436BA64000AF8C8 /* BYAudioMeterObserver.m in Sources */ = {isa = PBXBuildFile; fileRef = 52BF50832436BA64000AF8C8 /* BYAudioMeterObserver.m */; };
		52BF509A2436BA64000AF8C8 /* BYTimerLabel.h in Headers */ = {isa = PBXBuildFile; fileRef = 52BF50842436BA64000AF8C8 /* BYTimerLabel.h */; };
		52BF509B2436BA64000AF8C8 /* BYMp3Writer.m in Sources */ = {isa = PBXBuildFile; fileRef = 52BF50852436BA64000AF8C8 /* BYMp3Writer.m */; };
		52BF509C2436BA64000AF8C8 /* BYAudioHudView.m in Sources */ = {isa = PBXBuildFile; fileRef = 52BF50862436BA64000AF8C8 /* BYAudioHudView.m */; };
/* End PBXBuildFile section */

/* Begin PBXFileReference section */
		5252056D2436E39A00F4F512 /* libmp3lame.a */ = {isa = PBXFileReference; lastKnownFileType = archive.ar; path = libmp3lame.a; sourceTree = "<group>"; };
		52BF506E2436B6BD000AF8C8 /* BYAudioHud.framework */ = {isa = PBXFileReference; explicitFileType = wrapper.framework; includeInIndex = 0; path = BYAudioHud.framework; sourceTree = BUILT_PRODUCTS_DIR; };
		52BF50712436B6BD000AF8C8 /* BYAudioHud.h */ = {isa = PBXFileReference; lastKnownFileType = sourcecode.c.h; path = BYAudioHud.h; sourceTree = "<group>"; };
		52BF50722436B6BD000AF8C8 /* Info.plist */ = {isa = PBXFileReference; lastKnownFileType = text.plist.xml; path = Info.plist; sourceTree = "<group>"; };
		52BF507B2436BA64000AF8C8 /* lame.h */ = {isa = PBXFileReference; fileEncoding = 4; lastKnownFileType = sourcecode.c.h; path = lame.h; sourceTree = "<group>"; };
		52BF507D2436BA64000AF8C8 /* BYAudioMeterObserver.h */ = {isa = PBXFileReference; fileEncoding = 4; lastKnownFileType = sourcecode.c.h; path = BYAudioMeterObserver.h; sourceTree = "<group>"; };
		52BF507E2436BA64000AF8C8 /* BYAudioRecorder.h */ = {isa = PBXFileReference; fileEncoding = 4; lastKnownFileType = sourcecode.c.h; path = BYAudioRecorder.h; sourceTree = "<group>"; };
		52BF507F2436BA64000AF8C8 /* BYMp3Writer.h */ = {isa = PBXFileReference; fileEncoding = 4; lastKnownFileType = sourcecode.c.h; path = BYMp3Writer.h; sourceTree = "<group>"; };
		52BF50802436BA64000AF8C8 /* BYAudioHudView.h */ = {isa = PBXFileReference; fileEncoding = 4; lastKnownFileType = sourcecode.c.h; path = BYAudioHudView.h; sourceTree = "<group>"; };
		52BF50812436BA64000AF8C8 /* BYTimerLabel.m */ = {isa = PBXFileReference; fileEncoding = 4; lastKnownFileType = sourcecode.c.objc; path = BYTimerLabel.m; sourceTree = "<group>"; };
		52BF50822436BA64000AF8C8 /* BYAudioRecorder.m */ = {isa = PBXFileReference; fileEncoding = 4; lastKnownFileType = sourcecode.c.objc; path = BYAudioRecorder.m; sourceTree = "<group>"; };
		52BF50832436BA64000AF8C8 /* BYAudioMeterObserver.m */ = {isa = PBXFileReference; fileEncoding = 4; lastKnownFileType = sourcecode.c.objc; path = BYAudioMeterObserver.m; sourceTree = "<group>"; };
		52BF50842436BA64000AF8C8 /* BYTimerLabel.h */ = {isa = PBXFileReference; fileEncoding = 4; lastKnownFileType = sourcecode.c.h; path = BYTimerLabel.h; sourceTree = "<group>"; };
		52BF50852436BA64000AF8C8 /* BYMp3Writer.m */ = {isa = PBXFileReference; fileEncoding = 4; lastKnownFileType = sourcecode.c.objc; path = BYMp3Writer.m; sourceTree = "<group>"; };
		52BF50862436BA64000AF8C8 /* BYAudioHudView.m */ = {isa = PBXFileReference; fileEncoding = 4; lastKnownFileType = sourcecode.c.objc; path = BYAudioHudView.m; sourceTree = "<group>"; };
		52BF50882436BA64000AF8C8 /* RecordingSignal003@2x.png */ = {isa = PBXFileReference; lastKnownFileType = image.png; path = "RecordingSignal003@2x.png"; sourceTree = "<group>"; };
		52BF50892436BA64000AF8C8 /* RecordingSignal001@2x.png */ = {isa = PBXFileReference; lastKnownFileType = image.png; path = "RecordingSignal001@2x.png"; sourceTree = "<group>"; };
		52BF508A2436BA64000AF8C8 /* RecordingBkg@2x.png */ = {isa = PBXFileReference; lastKnownFileType = image.png; path = "RecordingBkg@2x.png"; sourceTree = "<group>"; };
		52BF508B2436BA64000AF8C8 /* RecordingSignal005@2x.png */ = {isa = PBXFileReference; lastKnownFileType = image.png; path = "RecordingSignal005@2x.png"; sourceTree = "<group>"; };
		52BF508C2436BA64000AF8C8 /* RecordingSignal007@2x.png */ = {isa = PBXFileReference; lastKnownFileType = image.png; path = "RecordingSignal007@2x.png"; sourceTree = "<group>"; };
		52BF508D2436BA64000AF8C8 /* RecordingSignal002@2x.png */ = {isa = PBXFileReference; lastKnownFileType = image.png; path = "RecordingSignal002@2x.png"; sourceTree = "<group>"; };
		52BF508E2436BA64000AF8C8 /* RecordingSignal008@2x.png */ = {isa = PBXFileReference; lastKnownFileType = image.png; path = "RecordingSignal008@2x.png"; sourceTree = "<group>"; };
		52BF508F2436BA64000AF8C8 /* RecordingSignal004@2x.png */ = {isa = PBXFileReference; lastKnownFileType = image.png; path = "RecordingSignal004@2x.png"; sourceTree = "<group>"; };
		52BF50902436BA64000AF8C8 /* RecordingSignal006@2x.png */ = {isa = PBXFileReference; lastKnownFileType = image.png; path = "RecordingSignal006@2x.png"; sourceTree = "<group>"; };
/* End PBXFileReference section */

/* Begin PBXFrameworksBuildPhase section */
		52BF506B2436B6BD000AF8C8 /* Frameworks */ = {
			isa = PBXFrameworksBuildPhase;
			buildActionMask = 2147483647;
			files = (
				5252056E2436E39A00F4F512 /* libmp3lame.a in Frameworks */,
			);
			runOnlyForDeploymentPostprocessing = 0;
		};
/* End PBXFrameworksBuildPhase section */

/* Begin PBXGroup section */
		52BF50642436B6BD000AF8C8 = {
			isa = PBXGroup;
			children = (
				52BF50702436B6BD000AF8C8 /* BYAudioHud */,
				52BF506F2436B6BD000AF8C8 /* Products */,
			);
			sourceTree = "<group>";
		};
		52BF506F2436B6BD000AF8C8 /* Products */ = {
			isa = PBXGroup;
			children = (
				52BF506E2436B6BD000AF8C8 /* BYAudioHud.framework */,
			);
			name = Products;
			sourceTree = "<group>";
		};
		52BF50702436B6BD000AF8C8 /* BYAudioHud */ = {
			isa = PBXGroup;
			children = (
				52BF507C2436BA64000AF8C8 /* core */,
				52BF50872436BA64000AF8C8 /* images */,
				52BF50792436BA64000AF8C8 /* lame */,
				52BF50712436B6BD000AF8C8 /* BYAudioHud.h */,
				52BF50722436B6BD000AF8C8 /* Info.plist */,
			);
			path = BYAudioHud;
			sourceTree = "<group>";
		};
		52BF50792436BA64000AF8C8 /* lame */ = {
			isa = PBXGroup;
			children = (
				5252056D2436E39A00F4F512 /* libmp3lame.a */,
				52BF507B2436BA64000AF8C8 /* lame.h */,
			);
			path = lame;
			sourceTree = "<group>";
		};
		52BF507C2436BA64000AF8C8 /* core */ = {
			isa = PBXGroup;
			children = (
				52BF507D2436BA64000AF8C8 /* BYAudioMeterObserver.h */,
				52BF507E2436BA64000AF8C8 /* BYAudioRecorder.h */,
				52BF507F2436BA64000AF8C8 /* BYMp3Writer.h */,
				52BF50802436BA64000AF8C8 /* BYAudioHudView.h */,
				52BF50812436BA64000AF8C8 /* BYTimerLabel.m */,
				52BF50822436BA64000AF8C8 /* BYAudioRecorder.m */,
				52BF50832436BA64000AF8C8 /* BYAudioMeterObserver.m */,
				52BF50842436BA64000AF8C8 /* BYTimerLabel.h */,
				52BF50852436BA64000AF8C8 /* BYMp3Writer.m */,
				52BF50862436BA64000AF8C8 /* BYAudioHudView.m */,
			);
			path = core;
			sourceTree = "<group>";
		};
		52BF50872436BA64000AF8C8 /* images */ = {
			isa = PBXGroup;
			children = (
				52BF50882436BA64000AF8C8 /* RecordingSignal003@2x.png */,
				52BF50892436BA64000AF8C8 /* RecordingSignal001@2x.png */,
				52BF508A2436BA64000AF8C8 /* RecordingBkg@2x.png */,
				52BF508B2436BA64000AF8C8 /* RecordingSignal005@2x.png */,
				52BF508C2436BA64000AF8C8 /* RecordingSignal007@2x.png */,
				52BF508D2436BA64000AF8C8 /* RecordingSignal002@2x.png */,
				52BF508E2436BA64000AF8C8 /* RecordingSignal008@2x.png */,
				52BF508F2436BA64000AF8C8 /* RecordingSignal004@2x.png */,
				52BF50902436BA64000AF8C8 /* RecordingSignal006@2x.png */,
			);
			path = images;
			sourceTree = "<group>";
		};
/* End PBXGroup section */

/* Begin PBXHeadersBuildPhase section */
		52BF50692436B6BD000AF8C8 /* Headers */ = {
			isa = PBXHeadersBuildPhase;
			buildActionMask = 2147483647;
			files = (
				52BF509A2436BA64000AF8C8 /* BYTimerLabel.h in Headers */,
				52BF50962436BA64000AF8C8 /* BYAudioHudView.h in Headers */,
				52BF50952436BA64000AF8C8 /* BYMp3Writer.h in Headers */,
				52BF50932436BA64000AF8C8 /* BYAudioMeterObserver.h in Headers */,
				52BF50732436B6BD000AF8C8 /* BYAudioHud.h in Headers */,
				52BF50942436BA64000AF8C8 /* BYAudioRecorder.h in Headers */,
				52BF50922436BA64000AF8C8 /* lame.h in Headers */,
			);
			runOnlyForDeploymentPostprocessing = 0;
		};
/* End PBXHeadersBuildPhase section */

/* Begin PBXNativeTarget section */
		52BF506D2436B6BD000AF8C8 /* BYAudioHud */ = {
			isa = PBXNativeTarget;
			buildConfigurationList = 52BF50762436B6BD000AF8C8 /* Build configuration list for PBXNativeTarget "BYAudioHud" */;
			buildPhases = (
				52BF50692436B6BD000AF8C8 /* Headers */,
				52BF506A2436B6BD000AF8C8 /* Sources */,
				52BF506B2436B6BD000AF8C8 /* Frameworks */,
				52BF506C2436B6BD000AF8C8 /* Resources */,
			);
			buildRules = (
			);
			dependencies = (
			);
			name = BYAudioHud;
			productName = BYAudioHud;
			productReference = 52BF506E2436B6BD000AF8C8 /* BYAudioHud.framework */;
			productType = "com.apple.product-type.framework";
		};
/* End PBXNativeTarget section */

/* Begin PBXProject section */
		52BF50652436B6BD000AF8C8 /* Project object */ = {
			isa = PBXProject;
			attributes = {
				LastUpgradeCheck = 1120;
				ORGANIZATIONNAME = baoyu;
				TargetAttributes = {
					52BF506D2436B6BD000AF8C8 = {
						CreatedOnToolsVersion = 11.2;
					};
				};
			};
			buildConfigurationList = 52BF50682436B6BD000AF8C8 /* Build configuration list for PBXProject "BYAudioHud" */;
			compatibilityVersion = "Xcode 9.3";
			developmentRegion = en;
			hasScannedForEncodings = 0;
			knownRegions = (
				en,
				Base,
			);
			mainGroup = 52BF50642436B6BD000AF8C8;
			productRefGroup = 52BF506F2436B6BD000AF8C8 /* Products */;
			projectDirPath = "";
			projectRoot = "";
			targets = (
				52BF506D2436B6BD000AF8C8 /* BYAudioHud */,
			);
		};
/* End PBXProject section */

/* Begin PBXResourcesBuildPhase section */
		52BF506C2436B6BD000AF8C8 /* Resources */ = {
			isa = PBXResourcesBuildPhase;
			buildActionMask = 2147483647;
			files = (
				525205522436D2B800F4F512 /* RecordingSignal007@2x.png in Resources */,
				5252054F2436D2B800F4F512 /* RecordingSignal001@2x.png in Resources */,
				525205502436D2B800F4F512 /* RecordingBkg@2x.png in Resources */,
				525205562436D2B800F4F512 /* RecordingSignal006@2x.png in Resources */,
				525205542436D2B800F4F512 /* RecordingSignal008@2x.png in Resources */,
				525205532436D2B800F4F512 /* RecordingSignal002@2x.png in Resources */,
				525205552436D2B800F4F512 /* RecordingSignal004@2x.png in Resources */,
				525205512436D2B800F4F512 /* RecordingSignal005@2x.png in Resources */,
				5252054E2436D2B800F4F512 /* RecordingSignal003@2x.png in Resources */,
			);
			runOnlyForDeploymentPostprocessing = 0;
		};
/* End PBXResourcesBuildPhase section */

/* Begin PBXSourcesBuildPhase section */
		52BF506A2436B6BD000AF8C8 /* Sources */ = {
			isa = PBXSourcesBuildPhase;
			buildActionMask = 2147483647;
			files = (
				52BF509B2436BA64000AF8C8 /* BYMp3Writer.m in Sources */,
				52BF50972436BA64000AF8C8 /* BYTimerLabel.m in Sources */,
				52BF50992436BA64000AF8C8 /* BYAudioMeterObserver.m in Sources */,
				52BF509C2436BA64000AF8C8 /* BYAudioHudView.m in Sources */,
				52BF50982436BA64000AF8C8 /* BYAudioRecorder.m in Sources */,
			);
			runOnlyForDeploymentPostprocessing = 0;
		};
/* End PBXSourcesBuildPhase section */

/* Begin XCBuildConfiguration section */
		52BF50742436B6BD000AF8C8 /* Debug */ = {
			isa = XCBuildConfiguration;
			buildSettings = {
				ALWAYS_SEARCH_USER_PATHS = NO;
				CLANG_ANALYZER_NONNULL = YES;
				CLANG_ANALYZER_NUMBER_OBJECT_CONVERSION = YES_AGGRESSIVE;
				CLANG_CXX_LANGUAGE_STANDARD = "gnu++14";
				CLANG_CXX_LIBRARY = "libc++";
				CLANG_ENABLE_MODULES = YES;
				CLANG_ENABLE_OBJC_ARC = YES;
				CLANG_ENABLE_OBJC_WEAK = YES;
				CLANG_WARN_BLOCK_CAPTURE_AUTORELEASING = YES;
				CLANG_WARN_BOOL_CONVERSION = YES;
				CLANG_WARN_COMMA = YES;
				CLANG_WARN_CONSTANT_CONVERSION = YES;
				CLANG_WARN_DEPRECATED_OBJC_IMPLEMENTATIONS = YES;
				CLANG_WARN_DIRECT_OBJC_ISA_USAGE = YES_ERROR;
				CLANG_WARN_DOCUMENTATION_COMMENTS = YES;
				CLANG_WARN_EMPTY_BODY = YES;
				CLANG_WARN_ENUM_CONVERSION = YES;
				CLANG_WARN_INFINITE_RECURSION = YES;
				CLANG_WARN_INT_CONVERSION = YES;
				CLANG_WARN_NON_LITERAL_NULL_CONVERSION = YES;
				CLANG_WARN_OBJC_IMPLICIT_RETAIN_SELF = YES;
				CLANG_WARN_OBJC_LITERAL_CONVERSION = YES;
				CLANG_WARN_OBJC_ROOT_CLASS = YES_ERROR;
				CLANG_WARN_RANGE_LOOP_ANALYSIS = YES;
				CLANG_WARN_STRICT_PROTOTYPES = YES;
				CLANG_WARN_SUSPICIOUS_MOVE = YES;
				CLANG_WARN_UNGUARDED_AVAILABILITY = YES_AGGRESSIVE;
				CLANG_WARN_UNREACHABLE_CODE = YES;
				CLANG_WARN__DUPLICATE_METHOD_MATCH = YES;
				COPY_PHASE_STRIP = NO;
				CURRENT_PROJECT_VERSION = 1;
				DEBUG_INFORMATION_FORMAT = dwarf;
				ENABLE_STRICT_OBJC_MSGSEND = YES;
				ENABLE_TESTABILITY = YES;
				GCC_C_LANGUAGE_STANDARD = gnu11;
				GCC_DYNAMIC_NO_PIC = NO;
				GCC_NO_COMMON_BLOCKS = YES;
				GCC_OPTIMIZATION_LEVEL = 0;
				GCC_PREPROCESSOR_DEFINITIONS = (
					"DEBUG=1",
					"$(inherited)",
				);
				GCC_WARN_64_TO_32_BIT_CONVERSION = YES;
				GCC_WARN_ABOUT_RETURN_TYPE = YES_ERROR;
				GCC_WARN_UNDECLARED_SELECTOR = YES;
				GCC_WARN_UNINITIALIZED_AUTOS = YES_AGGRESSIVE;
				GCC_WARN_UNUSED_FUNCTION = YES;
				GCC_WARN_UNUSED_VARIABLE = YES;
				IPHONEOS_DEPLOYMENT_TARGET = 13.2;
				MTL_ENABLE_DEBUG_INFO = INCLUDE_SOURCE;
				MTL_FAST_MATH = YES;
				ONLY_ACTIVE_ARCH = YES;
				SDKROOT = iphoneos;
				VERSIONING_SYSTEM = "apple-generic";
				VERSION_INFO_PREFIX = "";
			};
			name = Debug;
		};
		52BF50752436B6BD000AF8C8 /* Release */ = {
			isa = XCBuildConfiguration;
			buildSettings = {
				ALWAYS_SEARCH_USER_PATHS = NO;
				CLANG_ANALYZER_NONNULL = YES;
				CLANG_ANALYZER_NUMBER_OBJECT_CONVERSION = YES_AGGRESSIVE;
				CLANG_CXX_LANGUAGE_STANDARD = "gnu++14";
				CLANG_CXX_LIBRARY = "libc++";
				CLANG_ENABLE_MODULES = YES;
				CLANG_ENABLE_OBJC_ARC = YES;
				CLANG_ENABLE_OBJC_WEAK = YES;
				CLANG_WARN_BLOCK_CAPTURE_AUTORELEASING = YES;
				CLANG_WARN_BOOL_CONVERSION = YES;
				CLANG_WARN_COMMA = YES;
				CLANG_WARN_CONSTANT_CONVERSION = YES;
				CLANG_WARN_DEPRECATED_OBJC_IMPLEMENTATIONS = YES;
				CLANG_WARN_DIRECT_OBJC_ISA_USAGE = YES_ERROR;
				CLANG_WARN_DOCUMENTATION_COMMENTS = YES;
				CLANG_WARN_EMPTY_BODY = YES;
				CLANG_WARN_ENUM_CONVERSION = YES;
				CLANG_WARN_INFINITE_RECURSION = YES;
				CLANG_WARN_INT_CONVERSION = YES;
				CLANG_WARN_NON_LITERAL_NULL_CONVERSION = YES;
				CLANG_WARN_OBJC_IMPLICIT_RETAIN_SELF = YES;
				CLANG_WARN_OBJC_LITERAL_CONVERSION = YES;
				CLANG_WARN_OBJC_ROOT_CLASS = YES_ERROR;
				CLANG_WARN_RANGE_LOOP_ANALYSIS = YES;
				CLANG_WARN_STRICT_PROTOTYPES = YES;
				CLANG_WARN_SUSPICIOUS_MOVE = YES;
				CLANG_WARN_UNGUARDED_AVAILABILITY = YES_AGGRESSIVE;
				CLANG_WARN_UNREACHABLE_CODE = YES;
				CLANG_WARN__DUPLICATE_METHOD_MATCH = YES;
				COPY_PHASE_STRIP = NO;
				CURRENT_PROJECT_VERSION = 1;
				DEBUG_INFORMATION_FORMAT = "dwarf-with-dsym";
				ENABLE_NS_ASSERTIONS = NO;
				ENABLE_STRICT_OBJC_MSGSEND = YES;
				GCC_C_LANGUAGE_STANDARD = gnu11;
				GCC_NO_COMMON_BLOCKS = YES;
				GCC_WARN_64_TO_32_BIT_CONVERSION = YES;
				GCC_WARN_ABOUT_RETURN_TYPE = YES_ERROR;
				GCC_WARN_UNDECLARED_SELECTOR = YES;
				GCC_WARN_UNINITIALIZED_AUTOS = YES_AGGRESSIVE;
				GCC_WARN_UNUSED_FUNCTION = YES;
				GCC_WARN_UNUSED_VARIABLE = YES;
				IPHONEOS_DEPLOYMENT_TARGET = 13.2;
				MTL_ENABLE_DEBUG_INFO = NO;
				MTL_FAST_MATH = YES;
				SDKROOT = iphoneos;
				VALIDATE_PRODUCT = YES;
				VERSIONING_SYSTEM = "apple-generic";
				VERSION_INFO_PREFIX = "";
			};
			name = Release;
		};
		52BF50772436B6BD000AF8C8 /* Debug */ = {
			isa = XCBuildConfiguration;
			buildSettings = {
				CODE_SIGN_STYLE = Automatic;
				DEFINES_MODULE = YES;
				DYLIB_COMPATIBILITY_VERSION = 1;
				DYLIB_CURRENT_VERSION = 1;
				DYLIB_INSTALL_NAME_BASE = "@rpath";
				INFOPLIST_FILE = BYAudioHud/Info.plist;
				INSTALL_PATH = "$(LOCAL_LIBRARY_DIR)/Frameworks";
				IPHONEOS_DEPLOYMENT_TARGET = 9.0;
				LD_RUNPATH_SEARCH_PATHS = (
					"$(inherited)",
					"@executable_path/Frameworks",
					"@loader_path/Frameworks",
				);
				LIBRARY_SEARCH_PATHS = (
					"$(inherited)",
					"$(PROJECT_DIR)/BYAudioHud/lame",
				);
				PRODUCT_BUNDLE_IDENTIFIER = com.ilei.BYAudioHud;
				PRODUCT_NAME = "$(TARGET_NAME:c99extidentifier)";
				SKIP_INSTALL = YES;
				SUPPORTS_MACCATALYST = NO;
				TARGETED_DEVICE_FAMILY = "1,2";
			};
			name = Debug;
		};
		52BF50782436B6BD000AF8C8 /* Release */ = {
			isa = XCBuildConfiguration;
			buildSettings = {
				CODE_SIGN_STYLE = Automatic;
				DEFINES_MODULE = YES;
				DYLIB_COMPATIBILITY_VERSION = 1;
				DYLIB_CURRENT_VERSION = 1;
				DYLIB_INSTALL_NAME_BASE = "@rpath";
				INFOPLIST_FILE = BYAudioHud/Info.plist;
				INSTALL_PATH = "$(LOCAL_LIBRARY_DIR)/Frameworks";
				IPHONEOS_DEPLOYMENT_TARGET = 9.0;
				LD_RUNPATH_SEARCH_PATHS = (
					"$(inherited)",
					"@executable_path/Frameworks",
					"@loader_path/Frameworks",
				);
				LIBRARY_SEARCH_PATHS = (
					"$(inherited)",
					"$(PROJECT_DIR)/BYAudioHud/lame",
				);
				PRODUCT_BUNDLE_IDENTIFIER = com.ilei.BYAudioHud;
				PRODUCT_NAME = "$(TARGET_NAME:c99extidentifier)";
				SKIP_INSTALL = YES;
				SUPPORTS_MACCATALYST = NO;
				TARGETED_DEVICE_FAMILY = "1,2";
			};
			name = Release;
		};
/* End XCBuildConfiguration section */

/* Begin XCConfigurationList section */
		52BF50682436B6BD000AF8C8 /* Build configuration list for PBXProject "BYAudioHud" */ = {
			isa = XCConfigurationList;
			buildConfigurations = (
				52BF50742436B6BD000AF8C8 /* Debug */,
				52BF50752436B6BD000AF8C8 /* Release */,
			);
			defaultConfigurationIsVisible = 0;
			defaultConfigurationName = Release;
		};
		52BF50762436B6BD000AF8C8 /* Build configuration list for PBXNativeTarget "BYAudioHud" */ = {
			isa = XCConfigurationList;
			buildConfigurations = (
				52BF50772436B6BD000AF8C8 /* Debug */,
				52BF50782436B6BD000AF8C8 /* Release */,
			);
			defaultConfigurationIsVisible = 0;
			defaultConfigurationName = Release;
		};
/* End XCConfigurationList section */
	};
	rootObject = 52BF50652436B6BD000AF8C8 /* Project object */;
}
